lockfileVersion: '9.0'

settings:
  autoInstallPeers: true
  excludeLinksFromLockfile: false

importers:

  .:
    dependencies:
      '@microsoft/1ds-core-js':
        specifier: ^3.2.13
        version: 3.2.18(tslib@2.8.1)
      '@microsoft/1ds-post-js':
        specifier: ^3.2.13
        version: 3.2.18(tslib@2.8.1)
      '@vscode/iconv-lite-umd':
        specifier: 0.7.1
        version: 0.7.1
      '@vscode/tree-sitter-wasm':
        specifier: ^0.3.0
        version: 0.3.0
      '@vscode/vscode-languagedetection':
        specifier: 1.0.21
        version: 1.0.21
      '@xterm/addon-clipboard':
        specifier: ^0.2.0-beta.119
        version: 0.2.0-beta.123(@xterm/xterm@5.6.0-beta.140)
      '@xterm/addon-image':
        specifier: ^0.9.0-beta.136
        version: 0.9.0-beta.140(@xterm/xterm@5.6.0-beta.140)
      '@xterm/addon-ligatures':
        specifier: ^0.10.0-beta.136
        version: 0.10.0-beta.140(@xterm/xterm@5.6.0-beta.140)
      '@xterm/addon-progress':
        specifier: ^0.2.0-beta.42
        version: 0.2.0-beta.46(@xterm/xterm@5.6.0-beta.140)
      '@xterm/addon-search':
        specifier: ^0.16.0-beta.136
        version: 0.16.0-beta.140(@xterm/xterm@5.6.0-beta.140)
      '@xterm/addon-serialize':
        specifier: ^0.14.0-beta.136
        version: 0.14.0-beta.140(@xterm/xterm@5.6.0-beta.140)
      '@xterm/addon-unicode11':
        specifier: ^0.9.0-beta.136
        version: 0.9.0-beta.140(@xterm/xterm@5.6.0-beta.140)
      '@xterm/addon-webgl':
        specifier: ^0.19.0-beta.136
        version: 0.19.0-beta.140(@xterm/xterm@5.6.0-beta.140)
      '@xterm/xterm':
        specifier: ^5.6.0-beta.136
        version: 5.6.0-beta.140
      jschardet:
        specifier: 3.1.4
        version: 3.1.4
      katex:
        specifier: ^0.16.22
        version: 0.16.25
      tas-client:
        specifier: 0.3.1
        version: 0.3.1
      vscode-oniguruma:
        specifier: 1.7.0
        version: 1.7.0
      vscode-textmate:
        specifier: ^9.2.1
        version: 9.2.1

packages:

  '@microsoft/1ds-core-js@3.2.18':
    resolution: {integrity: sha512-ytlFv3dfb8OGqvbZP8tSIlNvn3QNYxdsF0k6ikRMWSr6CmBxBi1sliaxc2Q5KuYOuaeWkd8WRm25Rx/UtHcyMg==}

  '@microsoft/1ds-post-js@3.2.18':
    resolution: {integrity: sha512-Tzjcja4SMyws3UP58kD2edFPNb7BJtx5uCgwf/PWXwDyfbUY1/crsTQdEyR98wy/vorvLDZdQlcL++VMChfYnQ==}

  '@microsoft/applicationinsights-core-js@2.8.18':
    resolution: {integrity: sha512-yPHRZFLpnEO0uSgFPM1BLMRRwjoten9YBbn4pJRbCT4PigLnj748knmWsMwXIdcehtkRTYz78kPYa/LWP7nvmA==}
    peerDependencies:
      tslib: '*'

  '@microsoft/applicationinsights-shims@2.0.2':
    resolution: {integrity: sha512-PoHEgsnmcqruLNHZ/amACqdJ6YYQpED0KSRe6J7gIJTtpZC1FfFU9b1fmDKDKtFoUSrPzEh1qzO3kmRZP0betg==}

  '@microsoft/dynamicproto-js@1.1.11':
    resolution: {integrity: sha512-gNw9z9LbqLV+WadZ6/MMrWwO3e0LuoUH1wve/1iPsBNbgqeVCiB0EZFNNj2lysxS2gkqoF9hmyVaG3MoM1BkxA==}

  '@vscode/iconv-lite-umd@0.7.1':
    resolution: {integrity: sha512-tK6k0DXFHW7q5+GGuGZO+phpAqpxO4WXl+BLc/8/uOk3RsM2ssAL3CQUQDb1TGfwltjsauhN6S4ghYZzs4sPFw==}

  '@vscode/tree-sitter-wasm@0.3.0':
    resolution: {integrity: sha512-4kjB1jgLyG9VimGfyJb1F8/GFdrx55atsBCH/9r2D/iZHAUDCvZ5zhWXB7sRQ2z2WkkuNYm/0pgQtUm1jhdf7A==}

  '@vscode/vscode-languagedetection@1.0.21':
    resolution: {integrity: sha512-zSUH9HYCw5qsCtd7b31yqkpaCU6jhtkKLkvOOA8yTrIRfBSOFb8PPhgmMicD7B/m+t4PwOJXzU1XDtrM9Fd3/g==}
    hasBin: true

  '@xterm/addon-clipboard@0.2.0-beta.123':
    resolution: {integrity: sha512-gMlaxEpToN5CThRVf0+zf8m69PHd+y/o/IgEmMMEquFWddl58QDxG2cBdiJRwYMq7K23KdtJasitYE80Ygn88Q==}
    peerDependencies:
      '@xterm/xterm': ^5.6.0-beta.140

  '@xterm/addon-image@0.9.0-beta.140':
    resolution: {integrity: sha512-9FG1ke2lAkDqvw7K/BY/UCjwF1OS3ME6s+FBpBQIMIA+Bhexm8TjhvYjQMK1aJgX39Y6vvmWflbiC4Xz20H38w==}
    peerDependencies:
      '@xterm/xterm': ^5.6.0-beta.140

  '@xterm/addon-ligatures@0.10.0-beta.140':
    resolution: {integrity: sha512-ps/M90wXHEec8nQ8UJXNLccrJGRADKLVcw4F81DPgzdTNLe4iPcGZ5ASFIB1WZkSO0k28nTes7uAPLGjvWS4ig==}
    engines: {node: '>8.0.0'}
    peerDependencies:
      '@xterm/xterm': ^5.6.0-beta.140

  '@xterm/addon-progress@0.2.0-beta.46':
    resolution: {integrity: sha512-dCSAu0LfBLlKRBLH1KIkvgExaINfdz5QA1k1fwpuB6HT0nBzRyxOJE8YvH0MKgumSoekSwmJymO8g1oohIbwOA==}
    peerDependencies:
      '@xterm/xterm': ^5.6.0-beta.140

  '@xterm/addon-search@0.16.0-beta.140':
    resolution: {integrity: sha512-HhoIXMKX/uqCazRRiT/0QWFcnKVJ5/GgUDYFM/FMSW/OILzsnu/PAsp2FyNAzjI6pruH32WmnLIRbxeaUv4z7A==}
    peerDependencies:
      '@xterm/xterm': ^5.6.0-beta.140

  '@xterm/addon-serialize@0.14.0-beta.140':
    resolution: {integrity: sha512-HpQ+r/L1uvfZPCVzrxzwMlOcFaMFg0pvrmow/1ZBpYwJellOgPtvYA9pgS4dCSatv0S7hCgUnqb0eLEnzaX7ig==}
    peerDependencies:
      '@xterm/xterm': ^5.6.0-beta.140

  '@xterm/addon-unicode11@0.9.0-beta.140':
    resolution: {integrity: sha512-sfpw89by14QzAe7rlmOy8Y/BYtHBpIlsNeCyumwTw0zIs7BvbUx0UQSGDyOzOaimujWEhrXiJLT4siC/mVYu3A==}
    peerDependencies:
      '@xterm/xterm': ^5.6.0-beta.140

  '@xterm/addon-webgl@0.19.0-beta.140':
    resolution: {integrity: sha512-CV10uRnoAUeAKOYES+0/Mh6IPEhtIH+agC1J3PCCL6y9TAnXN67YQMziG18FYn8cTQYgeSpsXx/Q+suBCGbfkA==}
    peerDependencies:
      '@xterm/xterm': ^5.6.0-beta.140

  '@xterm/xterm@5.6.0-beta.140':
    resolution: {integrity: sha512-zqMxdVN+kEoKoCySae+uHIkJhYYifr2GG2KIiU/WvCLSTpr28aRzzsajNvaWj+2jVts20QXOMfHeHZsggDETmA==}

  commander@8.3.0:
    resolution: {integrity: sha512-OkTL9umf+He2DZkUq8f8J9of7yL6RJKI24dVITBmNfZBmri9zYZQrKkuXiKhyfPSu8tUhnVBB1iKXevvnlR4Ww==}
    engines: {node: '>= 12'}

  font-finder@1.1.0:
    resolution: {integrity: sha512-wpCL2uIbi6GurJbU7ZlQ3nGd61Ho+dSU6U83/xJT5UPFfN35EeCW/rOtS+5k+IuEZu2SYmHzDIPL9eA5tSYRAw==}
    engines: {node: '>8.0.0'}

  font-ligatures@1.4.1:
    resolution: {integrity: sha512-7W6zlfyhvCqShZ5ReUWqmSd9vBaUudW0Hxis+tqUjtHhsPU+L3Grf8mcZAtCiXHTzorhwdRTId2WeH/88gdFkw==}
    engines: {node: '>8.0.0'}

  get-system-fonts@2.0.2:
    resolution: {integrity: sha512-zzlgaYnHMIEgHRrfC7x0Qp0Ylhw/sHpM6MHXeVBTYIsvGf5GpbnClB+Q6rAPdn+0gd2oZZIo6Tj3EaWrt4VhDQ==}
    engines: {node: '>8.0.0'}

  js-base64@3.7.8:
    resolution: {integrity: sha512-hNngCeKxIUQiEUN3GPJOkz4wF/YvdUdbNL9hsBcMQTkKzboD7T/q3OYOuuPZLUE6dBxSGpwhk5mwuDud7JVAow==}

  jschardet@3.1.4:
    resolution: {integrity: sha512-/kmVISmrwVwtyYU40iQUOp3SUPk2dhNCMsZBQX0R1/jZ8maaXJ/oZIzUOiyOqcgtLnETFKYChbJ5iDC/eWmFHg==}
    engines: {node: '>=0.1.90'}

  katex@0.16.25:
    resolution: {integrity: sha512-woHRUZ/iF23GBP1dkDQMh1QBad9dmr8/PAwNA54VrSOVYgI12MAcE14TqnDdQOdzyEonGzMepYnqBMYdsoAr8Q==}
    hasBin: true

  lru-cache@6.0.0:
    resolution: {integrity: sha512-Jo6dJ04CmSjuznwJSS3pUeWmd/H0ffTlkXXgwZi+eq1UCmqQwCh+eLsYOYCwY991i2Fah4h1BEMCx4qThGbsiA==}
    engines: {node: '>=10'}

  opentype.js@0.8.0:
    resolution: {integrity: sha512-FQHR4oGP+a0m/f6yHoRpBOIbn/5ZWxKd4D/djHVJu8+KpBTYrJda0b7mLcgDEMWXE9xBCJm+qb0yv6FcvPjukg==}
    hasBin: true

  promise-stream-reader@1.0.1:
    resolution: {integrity: sha512-Tnxit5trUjBAqqZCGWwjyxhmgMN4hGrtpW3Oc/tRI4bpm/O2+ej72BB08l6JBnGQgVDGCLvHFGjGgQS6vzhwXg==}
    engines: {node: '>8.0.0'}

  tas-client@0.3.1:
    resolution: {integrity: sha512-Mn4+4t/KXEf8aIENeI1TkzpKIImzmG+FjPZ2dlaoGNFgxJqBE/pp3MT7nc2032EG4aS73E4OEcr2WiNaWW8mdA==}
    engines: {node: '>=22'}

  tiny-inflate@1.0.3:
    resolution: {integrity: sha512-pkY1fj1cKHb2seWDy0B16HeWyczlJA9/WW3u3c4z/NiWDsO3DOU5D7nhTLE9CF0yXv/QZFY7sEJmj24dK+Rrqw==}

  tslib@2.8.1:
    resolution: {integrity: sha512-oJFu94HQb+KVduSUQL7wnpmqnfmLsOA/nAh6b6EH0wCEoK0/mPeXU6c3wKDV83MkOuHPRHtSXKKU99IBazS/2w==}

  vscode-oniguruma@1.7.0:
    resolution: {integrity: sha512-L9WMGRfrjOhgHSdOYgCt/yRMsXzLDJSL7BPrOZt73gU0iWO4mpqzqQzOz5srxqTvMBaR0XZTSrVWo4j55Rc6cA==}

  vscode-textmate@9.2.1:
    resolution: {integrity: sha512-eXiUi2yYFv9bdvgrYtJynA7UemCEkpVNE50S9iBBA08LYG5t9+/TB+8IRS/YoYOubCez2OkSyZ1Q12eQMwzbrw==}

  yallist@4.0.0:
    resolution: {integrity: sha512-3wdGidZyq5PB084XLES5TpOSRA3wjXAlIWMhum2kRcv/41Sn2emQ0dycQW4uZXLejwKvg6EsvbdlVL+FYEct7A==}

snapshots:

  '@microsoft/1ds-core-js@3.2.18(tslib@2.8.1)':
    dependencies:
      '@microsoft/applicationinsights-core-js': 2.8.18(tslib@2.8.1)
      '@microsoft/applicationinsights-shims': 2.0.2
      '@microsoft/dynamicproto-js': 1.1.11
    transitivePeerDependencies:
      - tslib

  '@microsoft/1ds-post-js@3.2.18(tslib@2.8.1)':
    dependencies:
      '@microsoft/1ds-core-js': 3.2.18(tslib@2.8.1)
      '@microsoft/applicationinsights-shims': 2.0.2
      '@microsoft/dynamicproto-js': 1.1.11
    transitivePeerDependencies:
      - tslib

  '@microsoft/applicationinsights-core-js@2.8.18(tslib@2.8.1)':
    dependencies:
      '@microsoft/applicationinsights-shims': 2.0.2
      '@microsoft/dynamicproto-js': 1.1.11
      tslib: 2.8.1

  '@microsoft/applicationinsights-shims@2.0.2': {}

  '@microsoft/dynamicproto-js@1.1.11': {}

  '@vscode/iconv-lite-umd@0.7.1': {}

  '@vscode/tree-sitter-wasm@0.3.0': {}

  '@vscode/vscode-languagedetection@1.0.21': {}

  '@xterm/addon-clipboard@0.2.0-beta.123(@xterm/xterm@5.6.0-beta.140)':
    dependencies:
      '@xterm/xterm': 5.6.0-beta.140
      js-base64: 3.7.8

  '@xterm/addon-image@0.9.0-beta.140(@xterm/xterm@5.6.0-beta.140)':
    dependencies:
      '@xterm/xterm': 5.6.0-beta.140

  '@xterm/addon-ligatures@0.10.0-beta.140(@xterm/xterm@5.6.0-beta.140)':
    dependencies:
      '@xterm/xterm': 5.6.0-beta.140
      font-finder: 1.1.0
      font-ligatures: 1.4.1

  '@xterm/addon-progress@0.2.0-beta.46(@xterm/xterm@5.6.0-beta.140)':
    dependencies:
      '@xterm/xterm': 5.6.0-beta.140

  '@xterm/addon-search@0.16.0-beta.140(@xterm/xterm@5.6.0-beta.140)':
    dependencies:
      '@xterm/xterm': 5.6.0-beta.140

  '@xterm/addon-serialize@0.14.0-beta.140(@xterm/xterm@5.6.0-beta.140)':
    dependencies:
      '@xterm/xterm': 5.6.0-beta.140

  '@xterm/addon-unicode11@0.9.0-beta.140(@xterm/xterm@5.6.0-beta.140)':
    dependencies:
      '@xterm/xterm': 5.6.0-beta.140

  '@xterm/addon-webgl@0.19.0-beta.140(@xterm/xterm@5.6.0-beta.140)':
    dependencies:
      '@xterm/xterm': 5.6.0-beta.140

  '@xterm/xterm@5.6.0-beta.140': {}

  commander@8.3.0: {}

  font-finder@1.1.0:
    dependencies:
      get-system-fonts: 2.0.2
      promise-stream-reader: 1.0.1

  font-ligatures@1.4.1:
    dependencies:
      font-finder: 1.1.0
      lru-cache: 6.0.0
      opentype.js: 0.8.0

  get-system-fonts@2.0.2: {}

  js-base64@3.7.8: {}

  jschardet@3.1.4: {}

  katex@0.16.25:
    dependencies:
      commander: 8.3.0

  lru-cache@6.0.0:
    dependencies:
      yallist: 4.0.0

  opentype.js@0.8.0:
    dependencies:
      tiny-inflate: 1.0.3

  promise-stream-reader@1.0.1: {}

  tas-client@0.3.1: {}

  tiny-inflate@1.0.3: {}

  tslib@2.8.1: {}

  vscode-oniguruma@1.7.0: {}

  vscode-textmate@9.2.1: {}

  yallist@4.0.0: {}
