lockfileVersion: '9.0'

settings:
  autoInstallPeers: true
  excludeLinksFromLockfile: false

importers:

  .:
    dependencies:
      which:
        specifier: ^2.0.2
        version: 2.0.2
    devDependencies:
      '@types/node':
        specifier: 22.x
        version: 22.19.1
      '@types/which':
        specifier: ^2.0.0
        version: 2.0.2

packages:

  '@types/node@22.19.1':
    resolution: {integrity: sha512-LCCV0HdSZZZb34qifBsyWlUmok6W7ouER+oQIGBScS8EsZsQbrtFTUrDX4hOl+CS6p7cnNC4td+qrSVGSCTUfQ==}

  '@types/which@2.0.2':
    resolution: {integrity: sha512-113D3mDkZDjo+EeUEHCFy0qniNc1ZpecGiAU7WSo7YDoSzolZIQKpYFHrPpjkB2nuyahcKfrmLXeQlh7gqJYdw==}

  isexe@2.0.0:
    resolution: {integrity: sha512-RHxMLp9lnKHGHRng9QFhRCMbYAcVpn69smSGcq3f36xjgVVWThj4qqLbTLlq7Ssj8B+fIQ1EuCEGI2lKsyQeIw==}

  undici-types@6.21.0:
    resolution: {integrity: sha512-iwDZqg0QAGrg9Rav5H4n0M64c3mkR59cJ6wQp+7C4nI0gsmExaedaYLNO44eT4AtBBwjbTiGPMlt2Md0T9H9JQ==}

  which@2.0.2:
    resolution: {integrity: sha512-BLI3Tl1TW3Pvl70l3yq3Y64i+awpwXqsGBYWkkqMtnbXgrMD+yj7rhW0kuEDxzJaYXGjEW5ogapKNMEKNMjibA==}
    engines: {node: '>= 8'}
    hasBin: true

snapshots:

  '@types/node@22.19.1':
    dependencies:
      undici-types: 6.21.0

  '@types/which@2.0.2': {}

  isexe@2.0.0: {}

  undici-types@6.21.0: {}

  which@2.0.2:
    dependencies:
      isexe: 2.0.0
