lockfileVersion: '9.0'

settings:
  autoInstallPeers: true
  excludeLinksFromLockfile: false

importers:

  .:
    dependencies:
      vscode-languageclient:
        specifier: ^10.0.0-next.17
        version: 10.0.0-next.18
      vscode-uri:
        specifier: ^3.1.0
        version: 3.1.0
    devDependencies:
      '@types/node':
        specifier: 22.x
        version: 22.19.1

packages:

  '@isaacs/balanced-match@4.0.1':
    resolution: {integrity: sha512-yzMTt9lEb8Gv7zRioUilSglI0c0smZ9k5D65677DLWLtWJaXIS3CqcGyUFByYKlnUj6TkjLVs54fBl6+TiGQDQ==}
    engines: {node: 20 || >=22}

  '@isaacs/brace-expansion@5.0.0':
    resolution: {integrity: sha512-ZT55BDLV0yv0RBm2czMiZ+SqCGO7AvmOM3G/w2xhVPH+te0aKgFjmBvGlL1dH+ql2tgGO3MVrbb3jCKyvpgnxA==}
    engines: {node: 20 || >=22}

  '@types/node@22.19.1':
    resolution: {integrity: sha512-LCCV0HdSZZZb34qifBsyWlUmok6W7ouER+oQIGBScS8EsZsQbrtFTUrDX4hOl+CS6p7cnNC4td+qrSVGSCTUfQ==}

  minimatch@10.1.1:
    resolution: {integrity: sha512-enIvLvRAFZYXJzkCYG5RKmPfrFArdLv+R+lbQ53BmIMLIry74bjKzX6iHAm8WYamJkhSSEabrWN5D97XnKObjQ==}
    engines: {node: 20 || >=22}

  semver@7.7.3:
    resolution: {integrity: sha512-SdsKMrI9TdgjdweUSR9MweHA4EJ8YxHn8DFaDisvhVlUOe4BF1tLD7GAj0lIqWVl+dPb/rExr0Btby5loQm20Q==}
    engines: {node: '>=10'}
    hasBin: true

  undici-types@6.21.0:
    resolution: {integrity: sha512-iwDZqg0QAGrg9Rav5H4n0M64c3mkR59cJ6wQp+7C4nI0gsmExaedaYLNO44eT4AtBBwjbTiGPMlt2Md0T9H9JQ==}

  vscode-jsonrpc@9.0.0-next.10:
    resolution: {integrity: sha512-P+UOjuG/B1zkLM+bGIdmBwSkDejxtgo6EjG0pIkwnFBI0a2Mb7od36uUu8CPbECeQuh+n3zGcNwDl16DhuJ5IA==}
    engines: {node: '>=14.0.0'}

  vscode-languageclient@10.0.0-next.18:
    resolution: {integrity: sha512-Dpcr0VEEf4SuMW17TFCuKovhvbCx6/tHTnmFyLW1KTJCdVmNG08hXVAmw8Z/izec7TQlzEvzw5PvRfYGzdtr5Q==}
    engines: {vscode: ^1.91.0}

  vscode-languageserver-protocol@3.17.6-next.15:
    resolution: {integrity: sha512-aoWX1wwGCndzfrTRhGKVpKAPVy9+WYhUtZW/PJQfHODmVwhVwb4we68CgsQZRTl36t8ZqlSOO2c2TdBPW7hrCw==}

  vscode-languageserver-types@3.17.6-next.6:
    resolution: {integrity: sha512-aiJY5/yW+xzw7KPNlwi3gQtddq/3EIn5z8X8nCgJfaiAij2R1APKePngv+MUdLdYJBVTLu+Qa0ODsT+pHgYguQ==}

  vscode-uri@3.1.0:
    resolution: {integrity: sha512-/BpdSx+yCQGnCvecbyXdxHDkuk55/G3xwnC0GqY4gmQ3j+A+g8kzzgB4Nk/SINjqn6+waqw3EgbVF2QKExkRxQ==}

snapshots:

  '@isaacs/balanced-match@4.0.1': {}

  '@isaacs/brace-expansion@5.0.0':
    dependencies:
      '@isaacs/balanced-match': 4.0.1

  '@types/node@22.19.1':
    dependencies:
      undici-types: 6.21.0

  minimatch@10.1.1:
    dependencies:
      '@isaacs/brace-expansion': 5.0.0

  semver@7.7.3: {}

  undici-types@6.21.0: {}

  vscode-jsonrpc@9.0.0-next.10: {}

  vscode-languageclient@10.0.0-next.18:
    dependencies:
      minimatch: 10.1.1
      semver: 7.7.3
      vscode-languageserver-protocol: 3.17.6-next.15

  vscode-languageserver-protocol@3.17.6-next.15:
    dependencies:
      vscode-jsonrpc: 9.0.0-next.10
      vscode-languageserver-types: 3.17.6-next.6

  vscode-languageserver-types@3.17.6-next.6: {}

  vscode-uri@3.1.0: {}
